
Microsoft Visual Studio Solution File, Format Version 12.00
# Visual Studio 2012
Project("{FAE04EC0-301F-11D3-BF4B-00C04F79EFBC}") = "installer_kernel", "installer_kernel\installer_kernel.csproj", "{EDC81933-5864-4AB7-B8FE-1AB1490160FC}"
EndProject
Global
	GlobalSection(SolutionConfigurationPlatforms) = preSolution
		Debug|Any CPU = Debug|Any CPU
		Release|Any CPU = Release|Any CPU
	EndGlobalSection
	GlobalSection(ProjectConfigurationPlatforms) = postSolution
		{EDC81933-5864-4AB7-B8FE-1AB1490160FC}.Debug|Any CPU.ActiveCfg = Debug|Any CPU
		{EDC81933-5864-4AB7-B8FE-1AB1490160FC}.Debug|Any CPU.Build.0 = Debug|Any CPU
		{EDC81933-5864-4AB7-B8FE-1AB1490160FC}.Release|Any CPU.ActiveCfg = Release|Any CPU
		{EDC81933-5864-4AB7-B8FE-1AB1490160FC}.Release|Any CPU.Build.0 = Release|Any CPU
	EndGlobalSection
	GlobalSection(SolutionProperties) = preSolution
		HideSolutionNode = FALSE
	EndGlobalSection
EndGlobal
